
Microsoft Visual Studio Solution File, Format Version 12.00
# Visual Studio Version 17
VisualStudioVersion = 17.6.33829.357
MinimumVisualStudioVersion = 10.0.40219.1
Project("{9A19103F-16F7-4668-BE54-9A1E7A4F7556}") = "Consult.WebApi", "Consult.WebApi.csproj", "{20179BC6-7241-4D47-9C43-1F666903F73C}"
EndProject
Project("{9A19103F-16F7-4668-BE54-9A1E7A4F7556}") = "Consult.Core", "..\Consult.Core\Consult.Core.csproj", "{6E0AE3B1-6093-4085-AD7C-781FC4781FDB}"
EndProject
Global
	GlobalSection(SolutionConfigurationPlatforms) = preSolution
		Debug|Any CPU = Debug|Any CPU
		Release|Any CPU = Release|Any CPU
	EndGlobalSection
	GlobalSection(ProjectConfigurationPlatforms) = postSolution
		{20179BC6-7241-4D47-9C43-1F666903F73C}.Debug|Any CPU.ActiveCfg = Debug|Any CPU
		{20179BC6-7241-4D47-9C43-1F666903F73C}.Debug|Any CPU.Build.0 = Debug|Any CPU
		{20179BC6-7241-4D47-9C43-1F666903F73C}.Release|Any CPU.ActiveCfg = Release|Any CPU
		{20179BC6-7241-4D47-9C43-1F666903F73C}.Release|Any CPU.Build.0 = Release|Any CPU
		{6E0AE3B1-6093-4085-AD7C-781FC4781FDB}.Debug|Any CPU.ActiveCfg = Debug|Any CPU
		{6E0AE3B1-6093-4085-AD7C-781FC4781FDB}.Debug|Any CPU.Build.0 = Debug|Any CPU
		{6E0AE3B1-6093-4085-AD7C-781FC4781FDB}.Release|Any CPU.ActiveCfg = Release|Any CPU
		{6E0AE3B1-6093-4085-AD7C-781FC4781FDB}.Release|Any CPU.Build.0 = Release|Any CPU
	EndGlobalSection
	GlobalSection(SolutionProperties) = preSolution
		HideSolutionNode = FALSE
	EndGlobalSection
	GlobalSection(ExtensibilityGlobals) = postSolution
		SolutionGuid = {764522BA-62E6-419E-BD7F-BCD355319B49}
	EndGlobalSection
EndGlobal
